
Microsoft Visual Studio Solution File, Format Version 12.00
# Visual Studio Version 17
VisualStudioVersion = 17.5.33414.496
MinimumVisualStudioVersion = 10.0.40219.1
Project("{FAE04EC0-301F-11D3-BF4B-00C04F79EFBC}") = "BDConnect", "WindowsFormsApp1\BDConnect.csproj", "{ACE6E2CE-FEE2-4705-AC51-EE2C87514D52}"
EndProject
Global
	GlobalSection(SolutionConfigurationPlatforms) = preSolution
		Debug|Any CPU = Debug|Any CPU
		Release|Any CPU = Release|Any CPU
	EndGlobalSection
	GlobalSection(ProjectConfigurationPlatforms) = postSolution
		{ACE6E2CE-FEE2-4705-AC51-EE2C87514D52}.Debug|Any CPU.ActiveCfg = Debug|Any CPU
		{ACE6E2CE-FEE2-4705-AC51-EE2C87514D52}.Debug|Any CPU.Build.0 = Debug|Any CPU
		{ACE6E2CE-FEE2-4705-AC51-EE2C87514D52}.Release|Any CPU.ActiveCfg = Release|Any CPU
		{ACE6E2CE-FEE2-4705-AC51-EE2C87514D52}.Release|Any CPU.Build.0 = Release|Any CPU
	EndGlobalSection
	GlobalSection(SolutionProperties) = preSolution
		HideSolutionNode = FALSE
	EndGlobalSection
	GlobalSection(ExtensibilityGlobals) = postSolution
		SolutionGuid = {60390A7E-34CF-4A5A-870A-BEBBCF7923A2}
	EndGlobalSection
EndGlobal
